// !$*UTF8*$!
{
	archiveVersion = 1;
	classes = {
	};
	objectVersion = 46;
	objects = {

/* Begin PBXBuildFile section */
		32B7B8A61FB0848C000F2E1D /* AppDelegate.swift in Sources */ = {isa = PBXBuildFile; fileRef = 32B7B8A51FB0848C000F2E1D /* AppDelegate.swift */; };
		32B7B8A81FB0848C000F2E1D /* ViewController.swift in Sources */ = {isa = PBXBuildFile; fileRef = 32B7B8A71FB0848C000F2E1D /* ViewController.swift */; };
		32B7B8AB1FB0848C000F2E1D /* Main.storyboard in Resources */ = {isa = PBXBuildFile; fileRef = 32B7B8A91FB0848C000F2E1D /* Main.storyboard */; };
		32B7B8AD1FB0848C000F2E1D /* Assets.xcassets in Resources */ = {isa = PBXBuildFile; fileRef = 32B7B8AC1FB0848C000F2E1D /* Assets.xcassets */; };
		32B7B8B01FB0848C000F2E1D /* LaunchScreen.storyboard in Resources */ = {isa = PBXBuildFile; fileRef = 32B7B8AE1FB0848C000F2E1D /* LaunchScreen.storyboard */; };
		32B7B8BB1FB0848C000F2E1D /* HolaMundoTests.swift in Sources */ = {isa = PBXBuildFile; fileRef = 32B7B8BA1FB0848C000F2E1D /* HolaMundoTests.swift */; };
		32B7B8C61FB0848C000F2E1D /* HolaMundoUITests.swift in Sources */ = {isa = PBXBuildFile; fileRef = 32B7B8C51FB0848C000F2E1D /* HolaMundoUITests.swift */; };
/* End PBXBuildFile section */

/* Begin PBXContainerItemProxy section */
		32B7B8B71FB0848C000F2E1D /* PBXContainerItemProxy */ = {
			isa = PBXContainerItemProxy;
			containerPortal = 32B7B89A1FB0848C000F2E1D /* Project object */;
			proxyType = 1;
			remoteGlobalIDString = 32B7B8A11FB0848C000F2E1D;
			remoteInfo = HolaMundo;
		};
		32B7B8C21FB0848C000F2E1D /* PBXContainerItemProxy */ = {
			isa = PBXContainerItemProxy;
			containerPortal = 32B7B89A1FB0848C000F2E1D /* Project object */;
			proxyType = 1;
			remoteGlobalIDString = 32B7B8A11FB0848C000F2E1D;
			remoteInfo = HolaMundo;
		};
/* End PBXContainerItemProxy section */

/* Begin PBXFileReference section */
		32B7B8A21FB0848C000F2E1D /* HolaMundo.app */ = {isa = PBXFileReference; explicitFileType = wrapper.application; includeInIndex = 0; path = HolaMundo.app; sourceTree = BUILT_PRODUCTS_DIR; };
		32B7B8A51FB0848C000F2E1D /* AppDelegate.swift */ = {isa = PBXFileReference; lastKnownFileType = sourcecode.swift; path = AppDelegate.swift; sourceTree = "<group>"; };
		32B7B8A71FB0848C000F2E1D /* ViewController.swift */ = {isa = PBXFileReference; lastKnownFileType = sourcecode.swift; path = ViewController.swift; sourceTree = "<group>"; };
		32B7B8AA1FB0848C000F2E1D /* Base */ = {isa = PBXFileReference; lastKnownFileType = file.storyboard; name = Base; path = Base.lproj/Main.storyboard; sourceTree = "<group>"; };
		32B7B8AC1FB0848C000F2E1D /* Assets.xcassets */ = {isa = PBXFileReference; lastKnownFileType = folder.assetcatalog; path = Assets.xcassets; sourceTree = "<group>"; };
		32B7B8AF1FB0848C000F2E1D /* Base */ = {isa = PBXFileReference; lastKnownFileType = file.storyboard; name = Base; path = Base.lproj/LaunchScreen.storyboard; sourceTree = "<group>"; };
		32B7B8B11FB0848C000F2E1D /* Info.plist */ = {isa = PBXFileReference; lastKnownFileType = text.plist.xml; path = Info.plist; sourceTree = "<group>"; };
		32B7B8B61FB0848C000F2E1D /* HolaMundoTests.xctest */ = {isa = PBXFileReference; explicitFileType = wrapper.cfbundle; includeInIndex = 0; path = HolaMundoTests.xctest; sourceTree = BUILT_PRODUCTS_DIR; };
		32B7B8BA1FB0848C000F2E1D /* HolaMundoTests.swift */ = {isa = PBXFileReference; lastKnownFileType = sourcecode.swift; path = HolaMundoTests.swift; sourceTree = "<group>"; };
		32B7B8BC1FB0848C000F2E1D /* Info.plist */ = {isa = PBXFileReference; lastKnownFileType = text.plist.xml; path = Info.plist; sourceTree = "<group>"; };
		32B7B8C11FB0848C000F2E1D /* HolaMundoUITests.xctest */ = {isa = PBXFileReference; explicitFileType = wrapper.cfbundle; includeInIndex = 0; path = HolaMundoUITests.xctest; sourceTree = BUILT_PRODUCTS_DIR; };
		32B7B8C51FB0848C000F2E1D /* HolaMundoUITests.swift */ = {isa = PBXFileReference; lastKnownFileType = sourcecode.swift; path = HolaMundoUITests.swift; sourceTree = "<group>"; };
		32B7B8C71FB0848C000F2E1D /* Info.plist */ = {isa = PBXFileReference; lastKnownFileType = text.plist.xml; path = Info.plist; sourceTree = "<group>"; };
/* End PBXFileReference section */

/* Begin PBXFrameworksBuildPhase section */
		32B7B89F1FB0848C000F2E1D /* Frameworks */ = {
			isa = PBXFrameworksBuildPhase;
			buildActionMask = 2147483647;
			files = (
			);
			runOnlyForDeploymentPostprocessing = 0;
		};
		32B7B8B31FB0848C000F2E1D /* Frameworks */ = {
			isa = PBXFrameworksBuildPhase;
			buildActionMask = 2147483647;
			files = (
			);
			runOnlyForDeploymentPostprocessing = 0;
		};
		32B7B8BE1FB0848C000F2E1D /* Frameworks */ = {
			isa = PBXFrameworksBuildPhase;
			buildActionMask = 2147483647;
			files = (
			);
			runOnlyForDeploymentPostprocessing = 0;
		};
/* End PBXFrameworksBuildPhase section */

/* Begin PBXGroup section */
		32B7B8991FB0848C000F2E1D = {
			isa = PBXGroup;
			children = (
				32B7B8A41FB0848C000F2E1D /* HolaMundo */,
				32B7B8B91FB0848C000F2E1D /* HolaMundoTests */,
				32B7B8C41FB0848C000F2E1D /* HolaMundoUITests */,
				32B7B8A31FB0848C000F2E1D /* Products */,
			);
			sourceTree = "<group>";
		};
		32B7B8A31FB0848C000F2E1D /* Products */ = {
			isa = PBXGroup;
			children = (
				32B7B8A21FB0848C000F2E1D /* HolaMundo.app */,
				32B7B8B61FB0848C000F2E1D /* HolaMundoTests.xctest */,
				32B7B8C11FB0848C000F2E1D /* HolaMundoUITests.xctest */,
			);
			name = Products;
			sourceTree = "<group>";
		};
		32B7B8A41FB0848C000F2E1D /* HolaMundo */ = {
			isa = PBXGroup;
			children = (
				32B7B8A51FB0848C000F2E1D /* AppDelegate.swift */,
				32B7B8A71FB0848C000F2E1D /* ViewController.swift */,
				32B7B8A91FB0848C000F2E1D /* Main.storyboard */,
				32B7B8AC1FB0848C000F2E1D /* Assets.xcassets */,
				32B7B8AE1FB0848C000F2E1D /* LaunchScreen.storyboard */,
				32B7B8B11FB0848C000F2E1D /* Info.plist */,
			);
			path = HolaMundo;
			sourceTree = "<group>";
		};
		32B7B8B91FB0848C000F2E1D /* HolaMundoTests */ = {
			isa = PBXGroup;
			children = (
				32B7B8BA1FB0848C000F2E1D /* HolaMundoTests.swift */,
				32B7B8BC1FB0848C000F2E1D /* Info.plist */,
			);
			path = HolaMundoTests;
			sourceTree = "<group>";
		};
		32B7B8C41FB0848C000F2E1D /* HolaMundoUITests */ = {
			isa = PBXGroup;
			children = (
				32B7B8C51FB0848C000F2E1D /* HolaMundoUITests.swift */,
				32B7B8C71FB0848C000F2E1D /* Info.plist */,
			);
			path = HolaMundoUITests;
			sourceTree = "<group>";
		};
/* End PBXGroup section */

/* Begin PBXNativeTarget section */
		32B7B8A11FB0848C000F2E1D /* HolaMundo */ = {
			isa = PBXNativeTarget;
			buildConfigurationList = 32B7B8CA1FB0848C000F2E1D /* Build configuration list for PBXNativeTarget "HolaMundo" */;
			buildPhases = (
				32B7B89E1FB0848C000F2E1D /* Sources */,
				32B7B89F1FB0848C000F2E1D /* Frameworks */,
				32B7B8A01FB0848C000F2E1D /* Resources */,
			);
			buildRules = (
			);
			dependencies = (
			);
			name = HolaMundo;
			productName = HolaMundo;
			productReference = 32B7B8A21FB0848C000F2E1D /* HolaMundo.app */;
			productType = "com.apple.product-type.application";
		};
		32B7B8B51FB0848C000F2E1D /* HolaMundoTests */ = {
			isa = PBXNativeTarget;
			buildConfigurationList = 32B7B8CD1FB0848C000F2E1D /* Build configuration list for PBXNativeTarget "HolaMundoTests" */;
			buildPhases = (
				32B7B8B21FB0848C000F2E1D /* Sources */,
				32B7B8B31FB0848C000F2E1D /* Frameworks */,
				32B7B8B41FB0848C000F2E1D /* Resources */,
			);
			buildRules = (
			);
			dependencies = (
				32B7B8B81FB0848C000F2E1D /* PBXTargetDependency */,
			);
			name = HolaMundoTests;
			productName = HolaMundoTests;
			productReference = 32B7B8B61FB0848C000F2E1D /* HolaMundoTests.xctest */;
			productType = "com.apple.product-type.bundle.unit-test";
		};
		32B7B8C01FB0848C000F2E1D /* HolaMundoUITests */ = {
			isa = PBXNativeTarget;
			buildConfigurationList = 32B7B8D01FB0848C000F2E1D /* Build configuration list for PBXNativeTarget "HolaMundoUITests" */;
			buildPhases = (
				32B7B8BD1FB0848C000F2E1D /* Sources */,
				32B7B8BE1FB0848C000F2E1D /* Frameworks */,
				32B7B8BF1FB0848C000F2E1D /* Resources */,
			);
			buildRules = (
			);
			dependencies = (
				32B7B8C31FB0848C000F2E1D /* PBXTargetDependency */,
			);
			name = HolaMundoUITests;
			productName = HolaMundoUITests;
			productReference = 32B7B8C11FB0848C000F2E1D /* HolaMundoUITests.xctest */;
			productType = "com.apple.product-type.bundle.ui-testing";
		};
/* End PBXNativeTarget section */

/* Begin PBXProject section */
		32B7B89A1FB0848C000F2E1D /* Project object */ = {
			isa = PBXProject;
			attributes = {
				LastUpgradeCheck = 0700;
				ORGANIZATIONNAME = com.ainareta;
				TargetAttributes = {
					32B7B8A11FB0848C000F2E1D = {
						CreatedOnToolsVersion = 7.0;
					};
					32B7B8B51FB0848C000F2E1D = {
						CreatedOnToolsVersion = 7.0;
						TestTargetID = 32B7B8A11FB0848C000F2E1D;
					};
					32B7B8C01FB0848C000F2E1D = {
						CreatedOnToolsVersion = 7.0;
						TestTargetID = 32B7B8A11FB0848C000F2E1D;
					};
				};
			};
			buildConfigurationList = 32B7B89D1FB0848C000F2E1D /* Build configuration list for PBXProject "HolaMundo" */;
			compatibilityVersion = "Xcode 3.2";
			developmentRegion = English;
			hasScannedForEncodings = 0;
			knownRegions = (
				en,
				Base,
			);
			mainGroup = 32B7B8991FB0848C000F2E1D;
			productRefGroup = 32B7B8A31FB0848C000F2E1D /* Products */;
			projectDirPath = "";
			projectRoot = "";
			targets = (
				32B7B8A11FB0848C000F2E1D /* HolaMundo */,
				32B7B8B51FB0848C000F2E1D /* HolaMundoTests */,
				32B7B8C01FB0848C000F2E1D /* HolaMundoUITests */,
			);
		};
/* End PBXProject section */

/* Begin PBXResourcesBuildPhase section */
		32B7B8A01FB0848C000F2E1D /* Resources */ = {
			isa = PBXResourcesBuildPhase;
			buildActionMask = 2147483647;
			files = (
				32B7B8B01FB0848C000F2E1D /* LaunchScreen.storyboard in Resources */,
				32B7B8AD1FB0848C000F2E1D /* Assets.xcassets in Resources */,
				32B7B8AB1FB0848C000F2E1D /* Main.storyboard in Resources */,
			);
			runOnlyForDeploymentPostprocessing = 0;
		};
		32B7B8B41FB0848C000F2E1D /* Resources */ = {
			isa = PBXResourcesBuildPhase;
			buildActionMask = 2147483647;
			files = (
			);
			runOnlyForDeploymentPostprocessing = 0;
		};
		32B7B8BF1FB0848C000F2E1D /* Resources */ = {
			isa = PBXResourcesBuildPhase;
			buildActionMask = 2147483647;
			files = (
			);
			runOnlyForDeploymentPostprocessing = 0;
		};
/* End PBXResourcesBuildPhase section */

/* Begin PBXSourcesBuildPhase section */
		32B7B89E1FB0848C000F2E1D /* Sources */ = {
			isa = PBXSourcesBuildPhase;
			buildActionMask = 2147483647;
			files = (
				32B7B8A81FB0848C000F2E1D /* ViewController.swift in Sources */,
				32B7B8A61FB0848C000F2E1D /* AppDelegate.swift in Sources */,
			);
			runOnlyForDeploymentPostprocessing = 0;
		};
		32B7B8B21FB0848C000F2E1D /* Sources */ = {
			isa = PBXSourcesBuildPhase;
			buildActionMask = 2147483647;
			files = (
				32B7B8BB1FB0848C000F2E1D /* HolaMundoTests.swift in Sources */,
			);
			runOnlyForDeploymentPostprocessing = 0;
		};
		32B7B8BD1FB0848C000F2E1D /* Sources */ = {
			isa = PBXSourcesBuildPhase;
			buildActionMask = 2147483647;
			files = (
				32B7B8C61FB0848C000F2E1D /* HolaMundoUITests.swift in Sources */,
			);
			runOnlyForDeploymentPostprocessing = 0;
		};
/* End PBXSourcesBuildPhase section */

/* Begin PBXTargetDependency section */
		32B7B8B81FB0848C000F2E1D /* PBXTargetDependency */ = {
			isa = PBXTargetDependency;
			target = 32B7B8A11FB0848C000F2E1D /* HolaMundo */;
			targetProxy = 32B7B8B71FB0848C000F2E1D /* PBXContainerItemProxy */;
		};
		32B7B8C31FB0848C000F2E1D /* PBXTargetDependency */ = {
			isa = PBXTargetDependency;
			target = 32B7B8A11FB0848C000F2E1D /* HolaMundo */;
			targetProxy = 32B7B8C21FB0848C000F2E1D /* PBXContainerItemProxy */;
		};
/* End PBXTargetDependency section */

/* Begin PBXVariantGroup section */
		32B7B8A91FB0848C000F2E1D /* Main.storyboard */ = {
			isa = PBXVariantGroup;
			children = (
				32B7B8AA1FB0848C000F2E1D /* Base */,
			);
			name = Main.storyboard;
			sourceTree = "<group>";
		};
		32B7B8AE1FB0848C000F2E1D /* LaunchScreen.storyboard */ = {
			isa = PBXVariantGroup;
			children = (
				32B7B8AF1FB0848C000F2E1D /* Base */,
			);
			name = LaunchScreen.storyboard;
			sourceTree = "<group>";
		};
/* End PBXVariantGroup section */

/* Begin XCBuildConfiguration section */
		32B7B8C81FB0848C000F2E1D /* Debug */ = {
			isa = XCBuildConfiguration;
			buildSettings = {
				ALWAYS_SEARCH_USER_PATHS = NO;
				CLANG_CXX_LANGUAGE_STANDARD = "gnu++0x";
				CLANG_CXX_LIBRARY = "libc++";
				CLANG_ENABLE_MODULES = YES;
				CLANG_ENABLE_OBJC_ARC = YES;
				CLANG_WARN_BOOL_CONVERSION = YES;
				CLANG_WARN_CONSTANT_CONVERSION = YES;
				CLANG_WARN_DIRECT_OBJC_ISA_USAGE = YES_ERROR;
				CLANG_WARN_EMPTY_BODY = YES;
				CLANG_WARN_ENUM_CONVERSION = YES;
				CLANG_WARN_INT_CONVERSION = YES;
				CLANG_WARN_OBJC_ROOT_CLASS = YES_ERROR;
				CLANG_WARN_UNREACHABLE_CODE = YES;
				CLANG_WARN__DUPLICATE_METHOD_MATCH = YES;
				"CODE_SIGN_IDENTITY[sdk=iphoneos*]" = "iPhone Developer";
				COPY_PHASE_STRIP = NO;
				DEBUG_INFORMATION_FORMAT = dwarf;
				ENABLE_STRICT_OBJC_MSGSEND = YES;
				ENABLE_TESTABILITY = YES;
				GCC_C_LANGUAGE_STANDARD = gnu99;
				GCC_DYNAMIC_NO_PIC = NO;
				GCC_NO_COMMON_BLOCKS = YES;
				GCC_OPTIMIZATION_LEVEL = 0;
				GCC_PREPROCESSOR_DEFINITIONS = (
					"DEBUG=1",
					"$(inherited)",
				);
				GCC_WARN_64_TO_32_BIT_CONVERSION = YES;
				GCC_WARN_ABOUT_RETURN_TYPE = YES_ERROR;
				GCC_WARN_UNDECLARED_SELECTOR = YES;
				GCC_WARN_UNINITIALIZED_AUTOS = YES_AGGRESSIVE;
				GCC_WARN_UNUSED_FUNCTION = YES;
				GCC_WARN_UNUSED_VARIABLE = YES;
				IPHONEOS_DEPLOYMENT_TARGET = 9.0;
				MTL_ENABLE_DEBUG_INFO = YES;
				ONLY_ACTIVE_ARCH = YES;
				SDKROOT = iphoneos;
				SWIFT_OPTIMIZATION_LEVEL = "-Onone";
			};
			name = Debug;
		};
		32B7B8C91FB0848C000F2E1D /* Release */ = {
			isa = XCBuildConfiguration;
			buildSettings = {
				ALWAYS_SEARCH_USER_PATHS = NO;
				CLANG_CXX_LANGUAGE_STANDARD = "gnu++0x";
				CLANG_CXX_LIBRARY = "libc++";
				CLANG_ENABLE_MODULES = YES;
				CLANG_ENABLE_OBJC_ARC = YES;
				CLANG_WARN_BOOL_CONVERSION = YES;
				CLANG_WARN_CONSTANT_CONVERSION = YES;
				CLANG_WARN_DIRECT_OBJC_ISA_USAGE = YES_ERROR;
				CLANG_WARN_EMPTY_BODY = YES;
				CLANG_WARN_ENUM_CONVERSION = YES;
				CLANG_WARN_INT_CONVERSION = YES;
				CLANG_WARN_OBJC_ROOT_CLASS = YES_ERROR;
				CLANG_WARN_UNREACHABLE_CODE = YES;
				CLANG_WARN__DUPLICATE_METHOD_MATCH = YES;
				"CODE_SIGN_IDENTITY[sdk=iphoneos*]" = "iPhone Developer";
				COPY_PHASE_STRIP = NO;
				DEBUG_INFORMATION_FORMAT = "dwarf-with-dsym";
				ENABLE_NS_ASSERTIONS = NO;
				ENABLE_STRICT_OBJC_MSGSEND = YES;
				GCC_C_LANGUAGE_STANDARD = gnu99;
				GCC_NO_COMMON_BLOCKS = YES;
				GCC_WARN_64_TO_32_BIT_CONVERSION = YES;
				GCC_WARN_ABOUT_RETURN_TYPE = YES_ERROR;
				GCC_WARN_UNDECLARED_SELECTOR = YES;
				GCC_WARN_UNINITIALIZED_AUTOS = YES_AGGRESSIVE;
				GCC_WARN_UNUSED_FUNCTION = YES;
				GCC_WARN_UNUSED_VARIABLE = YES;
				IPHONEOS_DEPLOYMENT_TARGET = 9.0;
				MTL_ENABLE_DEBUG_INFO = NO;
				SDKROOT = iphoneos;
				VALIDATE_PRODUCT = YES;
			};
			name = Release;
		};
		32B7B8CB1FB0848C000F2E1D /* Debug */ = {
			isa = XCBuildConfiguration;
			buildSettings = {
				ASSETCATALOG_COMPILER_APPICON_NAME = AppIcon;
				INFOPLIST_FILE = HolaMundo/Info.plist;
				LD_RUNPATH_SEARCH_PATHS = "$(inherited) @executable_path/Frameworks";
				PRODUCT_BUNDLE_IDENTIFIER = Ainareta.HolaMundo;
				PRODUCT_NAME = "$(TARGET_NAME)";
			};
			name = Debug;
		};
		32B7B8CC1FB0848C000F2E1D /* Release */ = {
			isa = XCBuildConfiguration;
			buildSettings = {
				ASSETCATALOG_COMPILER_APPICON_NAME = AppIcon;
				INFOPLIST_FILE = HolaMundo/Info.plist;
				LD_RUNPATH_SEARCH_PATHS = "$(inherited) @executable_path/Frameworks";
				PRODUCT_BUNDLE_IDENTIFIER = Ainareta.HolaMundo;
				PRODUCT_NAME = "$(TARGET_NAME)";
			};
			name = Release;
		};
		32B7B8CE1FB0848C000F2E1D /* Debug */ = {
			isa = XCBuildConfiguration;
			buildSettings = {
				BUNDLE_LOADER = "$(TEST_HOST)";
				INFOPLIST_FILE = HolaMundoTests/Info.plist;
				LD_RUNPATH_SEARCH_PATHS = "$(inherited) @executable_path/Frameworks @loader_path/Frameworks";
				PRODUCT_BUNDLE_IDENTIFIER = Ainareta.HolaMundoTests;
				PRODUCT_NAME = "$(TARGET_NAME)";
				TEST_HOST = "$(BUILT_PRODUCTS_DIR)/HolaMundo.app/HolaMundo";
			};
			name = Debug;
		};
		32B7B8CF1FB0848C000F2E1D /* Release */ = {
			isa = XCBuildConfiguration;
			buildSettings = {
				BUNDLE_LOADER = "$(TEST_HOST)";
				INFOPLIST_FILE = HolaMundoTests/Info.plist;
				LD_RUNPATH_SEARCH_PATHS = "$(inherited) @executable_path/Frameworks @loader_path/Frameworks";
				PRODUCT_BUNDLE_IDENTIFIER = Ainareta.HolaMundoTests;
				PRODUCT_NAME = "$(TARGET_NAME)";
				TEST_HOST = "$(BUILT_PRODUCTS_DIR)/HolaMundo.app/HolaMundo";
			};
			name = Release;
		};
		32B7B8D11FB0848C000F2E1D /* Debug */ = {
			isa = XCBuildConfiguration;
			buildSettings = {
				INFOPLIST_FILE = HolaMundoUITests/Info.plist;
				LD_RUNPATH_SEARCH_PATHS = "$(inherited) @executable_path/Frameworks @loader_path/Frameworks";
				PRODUCT_BUNDLE_IDENTIFIER = Ainareta.HolaMundoUITests;
				PRODUCT_NAME = "$(TARGET_NAME)";
				TEST_TARGET_NAME = HolaMundo;
				USES_XCTRUNNER = YES;
			};
			name = Debug;
		};
		32B7B8D21FB0848C000F2E1D /* Release */ = {
			isa = XCBuildConfiguration;
			buildSettings = {
				INFOPLIST_FILE = HolaMundoUITests/Info.plist;
				LD_RUNPATH_SEARCH_PATHS = "$(inherited) @executable_path/Frameworks @loader_path/Frameworks";
				PRODUCT_BUNDLE_IDENTIFIER = Ainareta.HolaMundoUITests;
				PRODUCT_NAME = "$(TARGET_NAME)";
				TEST_TARGET_NAME = HolaMundo;
				USES_XCTRUNNER = YES;
			};
			name = Release;
		};
/* End XCBuildConfiguration section */

/* Begin XCConfigurationList section */
		32B7B89D1FB0848C000F2E1D /* Build configuration list for PBXProject "HolaMundo" */ = {
			isa = XCConfigurationList;
			buildConfigurations = (
				32B7B8C81FB0848C000F2E1D /* Debug */,
				32B7B8C91FB0848C000F2E1D /* Release */,
			);
			defaultConfigurationIsVisible = 0;
			defaultConfigurationName = Release;
		};
		32B7B8CA1FB0848C000F2E1D /* Build configuration list for PBXNativeTarget "HolaMundo" */ = {
			isa = XCConfigurationList;
			buildConfigurations = (
				32B7B8CB1FB0848C000F2E1D /* Debug */,
				32B7B8CC1FB0848C000F2E1D /* Release */,
			);
			defaultConfigurationIsVisible = 0;
		};
		32B7B8CD1FB0848C000F2E1D /* Build configuration list for PBXNativeTarget "HolaMundoTests" */ = {
			isa = XCConfigurationList;
			buildConfigurations = (
				32B7B8CE1FB0848C000F2E1D /* Debug */,
				32B7B8CF1FB0848C000F2E1D /* Release */,
			);
			defaultConfigurationIsVisible = 0;
		};
		32B7B8D01FB0848C000F2E1D /* Build configuration list for PBXNativeTarget "HolaMundoUITests" */ = {
			isa = XCConfigurationList;
			buildConfigurations = (
				32B7B8D11FB0848C000F2E1D /* Debug */,
				32B7B8D21FB0848C000F2E1D /* Release */,
			);
			defaultConfigurationIsVisible = 0;
		};
/* End XCConfigurationList section */
	};
	rootObject = 32B7B89A1FB0848C000F2E1D /* Project object */;
}
